
Microsoft Visual Studio Solution File, Format Version 12.00
# Visual Studio Version 16
VisualStudioVersion = 16.0.31515.178
MinimumVisualStudioVersion = 10.0.40219.1
Project("{2150E333-8FDC-42A3-9474-1A3956D46DE8}") = "00.Core", "00.Core", "{C56C316E-2287-42DA-8A48-6C426432B463}"
EndProject
Project("{2150E333-8FDC-42A3-9474-1A3956D46DE8}") = "01.ServiceHost", "01.ServiceHost", "{C8DE3CF9-99FA-4736-A997-EC1B4094140D}"
EndProject
Project("{9A19103F-16F7-4668-BE54-9A1E7A4F7556}") = "Precision.Core.Orleans", "Precision.Core.Orleans\Precision.Core.Orleans.csproj", "{83380E7D-1E94-4D47-A65D-513FDF654C76}"
EndProject
Project("{9A19103F-16F7-4668-BE54-9A1E7A4F7556}") = "PrecisionService", "PrecisionService\PrecisionService.csproj", "{41304365-6AB4-40DC-92FA-3F912D156F42}"
	ProjectSection(ProjectDependencies) = postProject
		{83380E7D-1E94-4D47-A65D-513FDF654C76} = {83380E7D-1E94-4D47-A65D-513FDF654C76}
		{37B52C8A-6231-4A54-8B4E-834F6DA6308B} = {37B52C8A-6231-4A54-8B4E-834F6DA6308B}
	EndProjectSection
EndProject
Project("{2150E333-8FDC-42A3-9474-1A3956D46DE8}") = "00.WindowService", "00.WindowService", "{066FA2F0-A760-46D6-A580-22DD2280A6E5}"
EndProject
Project("{9A19103F-16F7-4668-BE54-9A1E7A4F7556}") = "PrecisionService32", "PrecisionService32\PrecisionService32.csproj", "{C9E315C7-A3BC-4AB6-B632-98663F593906}"
	ProjectSection(ProjectDependencies) = postProject
		{83380E7D-1E94-4D47-A65D-513FDF654C76} = {83380E7D-1E94-4D47-A65D-513FDF654C76}
		{37B52C8A-6231-4A54-8B4E-834F6DA6308B} = {37B52C8A-6231-4A54-8B4E-834F6DA6308B}
	EndProjectSection
EndProject
Project("{2150E333-8FDC-42A3-9474-1A3956D46DE8}") = "99.Tool", "99.Tool", "{BF30E32D-FB53-4D5A-B492-F418C8D5CC38}"
EndProject
Project("{9A19103F-16F7-4668-BE54-9A1E7A4F7556}") = "PrecisionService64", "PrecisionService64\PrecisionService64.csproj", "{D35E9F49-34BE-40E6-BE7D-0F71F18C1569}"
	ProjectSection(ProjectDependencies) = postProject
		{83380E7D-1E94-4D47-A65D-513FDF654C76} = {83380E7D-1E94-4D47-A65D-513FDF654C76}
		{37B52C8A-6231-4A54-8B4E-834F6DA6308B} = {37B52C8A-6231-4A54-8B4E-834F6DA6308B}
	EndProjectSection
EndProject
Project("{9A19103F-16F7-4668-BE54-9A1E7A4F7556}") = "ConsoleApp1", "ConsoleApp1\ConsoleApp1.csproj", "{637EB302-C291-4F69-BA52-90456563B395}"
	ProjectSection(ProjectDependencies) = postProject
		{28987543-40B8-42FC-AF41-9291A2F81F32} = {28987543-40B8-42FC-AF41-9291A2F81F32}
		{83380E7D-1E94-4D47-A65D-513FDF654C76} = {83380E7D-1E94-4D47-A65D-513FDF654C76}
	EndProjectSection
EndProject
Project("{9A19103F-16F7-4668-BE54-9A1E7A4F7556}") = "PrecisionService.Core", "PrecisionService.Core\PrecisionService.Core.csproj", "{37B52C8A-6231-4A54-8B4E-834F6DA6308B}"
	ProjectSection(ProjectDependencies) = postProject
		{83380E7D-1E94-4D47-A65D-513FDF654C76} = {83380E7D-1E94-4D47-A65D-513FDF654C76}
	EndProjectSection
EndProject
Project("{9A19103F-16F7-4668-BE54-9A1E7A4F7556}") = "Precision.Core", "Precision.Core\Precision.Core.csproj", "{28987543-40B8-42FC-AF41-9291A2F81F32}"
EndProject
Project("{2150E333-8FDC-42A3-9474-1A3956D46DE8}") = "02.Grains", "02.Grains", "{7471C14B-4DD4-490A-B6A8-89644E1A08C2}"
EndProject
Project("{9A19103F-16F7-4668-BE54-9A1E7A4F7556}") = "X86.Grain", "X86.Grain\X86.Grain.csproj", "{D6364CD0-F925-4B47-96A3-DE3DAE492304}"
	ProjectSection(ProjectDependencies) = postProject
		{83380E7D-1E94-4D47-A65D-513FDF654C76} = {83380E7D-1E94-4D47-A65D-513FDF654C76}
	EndProjectSection
EndProject
Project("{9A19103F-16F7-4668-BE54-9A1E7A4F7556}") = "X64.Grain", "X64.Grain\X64.Grain.csproj", "{A701EB00-DF0A-47BF-91C5-47234A409D55}"
	ProjectSection(ProjectDependencies) = postProject
		{83380E7D-1E94-4D47-A65D-513FDF654C76} = {83380E7D-1E94-4D47-A65D-513FDF654C76}
	EndProjectSection
EndProject
Project("{9A19103F-16F7-4668-BE54-9A1E7A4F7556}") = "OrleansWatcher", "OrleansWatcher\OrleansWatcher.csproj", "{A5251E87-2DA3-4B34-AC9C-811481A61EFC}"
EndProject
Global
	GlobalSection(SolutionConfigurationPlatforms) = preSolution
		Debug|Any CPU = Debug|Any CPU
		Debug|x64 = Debug|x64
		Debug|x86 = Debug|x86
		Release|Any CPU = Release|Any CPU
		Release|x64 = Release|x64
		Release|x86 = Release|x86
	EndGlobalSection
	GlobalSection(ProjectConfigurationPlatforms) = postSolution
		{83380E7D-1E94-4D47-A65D-513FDF654C76}.Debug|Any CPU.ActiveCfg = Debug|Any CPU
		{83380E7D-1E94-4D47-A65D-513FDF654C76}.Debug|Any CPU.Build.0 = Debug|Any CPU
		{83380E7D-1E94-4D47-A65D-513FDF654C76}.Debug|x64.ActiveCfg = Debug|Any CPU
		{83380E7D-1E94-4D47-A65D-513FDF654C76}.Debug|x64.Build.0 = Debug|Any CPU
		{83380E7D-1E94-4D47-A65D-513FDF654C76}.Debug|x86.ActiveCfg = Debug|Any CPU
		{83380E7D-1E94-4D47-A65D-513FDF654C76}.Debug|x86.Build.0 = Debug|Any CPU
		{83380E7D-1E94-4D47-A65D-513FDF654C76}.Release|Any CPU.ActiveCfg = Release|Any CPU
		{83380E7D-1E94-4D47-A65D-513FDF654C76}.Release|Any CPU.Build.0 = Release|Any CPU
		{83380E7D-1E94-4D47-A65D-513FDF654C76}.Release|x64.ActiveCfg = Release|Any CPU
		{83380E7D-1E94-4D47-A65D-513FDF654C76}.Release|x64.Build.0 = Release|Any CPU
		{83380E7D-1E94-4D47-A65D-513FDF654C76}.Release|x86.ActiveCfg = Release|Any CPU
		{83380E7D-1E94-4D47-A65D-513FDF654C76}.Release|x86.Build.0 = Release|Any CPU
		{41304365-6AB4-40DC-92FA-3F912D156F42}.Debug|Any CPU.ActiveCfg = Debug|x86
		{41304365-6AB4-40DC-92FA-3F912D156F42}.Debug|Any CPU.Build.0 = Debug|x86
		{41304365-6AB4-40DC-92FA-3F912D156F42}.Debug|x64.ActiveCfg = Debug|Any CPU
		{41304365-6AB4-40DC-92FA-3F912D156F42}.Debug|x64.Build.0 = Debug|Any CPU
		{41304365-6AB4-40DC-92FA-3F912D156F42}.Debug|x86.ActiveCfg = Debug|x86
		{41304365-6AB4-40DC-92FA-3F912D156F42}.Debug|x86.Build.0 = Debug|x86
		{41304365-6AB4-40DC-92FA-3F912D156F42}.Release|Any CPU.ActiveCfg = Release|Any CPU
		{41304365-6AB4-40DC-92FA-3F912D156F42}.Release|Any CPU.Build.0 = Release|Any CPU
		{41304365-6AB4-40DC-92FA-3F912D156F42}.Release|x64.ActiveCfg = Release|Any CPU
		{41304365-6AB4-40DC-92FA-3F912D156F42}.Release|x64.Build.0 = Release|Any CPU
		{41304365-6AB4-40DC-92FA-3F912D156F42}.Release|x86.ActiveCfg = Release|x86
		{41304365-6AB4-40DC-92FA-3F912D156F42}.Release|x86.Build.0 = Release|x86
		{C9E315C7-A3BC-4AB6-B632-98663F593906}.Debug|Any CPU.ActiveCfg = Debug|x86
		{C9E315C7-A3BC-4AB6-B632-98663F593906}.Debug|Any CPU.Build.0 = Debug|x86
		{C9E315C7-A3BC-4AB6-B632-98663F593906}.Debug|x64.ActiveCfg = Debug|x86
		{C9E315C7-A3BC-4AB6-B632-98663F593906}.Debug|x86.ActiveCfg = Debug|x86
		{C9E315C7-A3BC-4AB6-B632-98663F593906}.Debug|x86.Build.0 = Debug|x86
		{C9E315C7-A3BC-4AB6-B632-98663F593906}.Release|Any CPU.ActiveCfg = Release|x86
		{C9E315C7-A3BC-4AB6-B632-98663F593906}.Release|Any CPU.Build.0 = Release|x86
		{C9E315C7-A3BC-4AB6-B632-98663F593906}.Release|x64.ActiveCfg = Release|x86
		{C9E315C7-A3BC-4AB6-B632-98663F593906}.Release|x86.ActiveCfg = Release|x86
		{C9E315C7-A3BC-4AB6-B632-98663F593906}.Release|x86.Build.0 = Release|x86
		{D35E9F49-34BE-40E6-BE7D-0F71F18C1569}.Debug|Any CPU.ActiveCfg = Debug|x64
		{D35E9F49-34BE-40E6-BE7D-0F71F18C1569}.Debug|Any CPU.Build.0 = Debug|x64
		{D35E9F49-34BE-40E6-BE7D-0F71F18C1569}.Debug|x64.ActiveCfg = Debug|x64
		{D35E9F49-34BE-40E6-BE7D-0F71F18C1569}.Debug|x64.Build.0 = Debug|x64
		{D35E9F49-34BE-40E6-BE7D-0F71F18C1569}.Debug|x86.ActiveCfg = Debug|Any CPU
		{D35E9F49-34BE-40E6-BE7D-0F71F18C1569}.Debug|x86.Build.0 = Debug|Any CPU
		{D35E9F49-34BE-40E6-BE7D-0F71F18C1569}.Release|Any CPU.ActiveCfg = Release|x64
		{D35E9F49-34BE-40E6-BE7D-0F71F18C1569}.Release|x64.ActiveCfg = Release|x64
		{D35E9F49-34BE-40E6-BE7D-0F71F18C1569}.Release|x64.Build.0 = Release|x64
		{D35E9F49-34BE-40E6-BE7D-0F71F18C1569}.Release|x86.ActiveCfg = Release|Any CPU
		{D35E9F49-34BE-40E6-BE7D-0F71F18C1569}.Release|x86.Build.0 = Release|Any CPU
		{637EB302-C291-4F69-BA52-90456563B395}.Debug|Any CPU.ActiveCfg = Debug|x86
		{637EB302-C291-4F69-BA52-90456563B395}.Debug|Any CPU.Build.0 = Debug|x86
		{637EB302-C291-4F69-BA52-90456563B395}.Debug|x64.ActiveCfg = Debug|x64
		{637EB302-C291-4F69-BA52-90456563B395}.Debug|x64.Build.0 = Debug|x64
		{637EB302-C291-4F69-BA52-90456563B395}.Debug|x86.ActiveCfg = Debug|x86
		{637EB302-C291-4F69-BA52-90456563B395}.Debug|x86.Build.0 = Debug|x86
		{637EB302-C291-4F69-BA52-90456563B395}.Release|Any CPU.ActiveCfg = Release|x86
		{637EB302-C291-4F69-BA52-90456563B395}.Release|x64.ActiveCfg = Release|x64
		{637EB302-C291-4F69-BA52-90456563B395}.Release|x64.Build.0 = Release|x64
		{637EB302-C291-4F69-BA52-90456563B395}.Release|x86.ActiveCfg = Release|x86
		{637EB302-C291-4F69-BA52-90456563B395}.Release|x86.Build.0 = Release|x86
		{37B52C8A-6231-4A54-8B4E-834F6DA6308B}.Debug|Any CPU.ActiveCfg = Debug|Any CPU
		{37B52C8A-6231-4A54-8B4E-834F6DA6308B}.Debug|Any CPU.Build.0 = Debug|Any CPU
		{37B52C8A-6231-4A54-8B4E-834F6DA6308B}.Debug|x64.ActiveCfg = Debug|Any CPU
		{37B52C8A-6231-4A54-8B4E-834F6DA6308B}.Debug|x64.Build.0 = Debug|Any CPU
		{37B52C8A-6231-4A54-8B4E-834F6DA6308B}.Debug|x86.ActiveCfg = Debug|Any CPU
		{37B52C8A-6231-4A54-8B4E-834F6DA6308B}.Debug|x86.Build.0 = Debug|Any CPU
		{37B52C8A-6231-4A54-8B4E-834F6DA6308B}.Release|Any CPU.ActiveCfg = Release|Any CPU
		{37B52C8A-6231-4A54-8B4E-834F6DA6308B}.Release|Any CPU.Build.0 = Release|Any CPU
		{37B52C8A-6231-4A54-8B4E-834F6DA6308B}.Release|x64.ActiveCfg = Release|Any CPU
		{37B52C8A-6231-4A54-8B4E-834F6DA6308B}.Release|x64.Build.0 = Release|Any CPU
		{37B52C8A-6231-4A54-8B4E-834F6DA6308B}.Release|x86.ActiveCfg = Release|Any CPU
		{37B52C8A-6231-4A54-8B4E-834F6DA6308B}.Release|x86.Build.0 = Release|Any CPU
		{28987543-40B8-42FC-AF41-9291A2F81F32}.Debug|Any CPU.ActiveCfg = Debug|Any CPU
		{28987543-40B8-42FC-AF41-9291A2F81F32}.Debug|Any CPU.Build.0 = Debug|Any CPU
		{28987543-40B8-42FC-AF41-9291A2F81F32}.Debug|x64.ActiveCfg = Debug|Any CPU
		{28987543-40B8-42FC-AF41-9291A2F81F32}.Debug|x64.Build.0 = Debug|Any CPU
		{28987543-40B8-42FC-AF41-9291A2F81F32}.Debug|x86.ActiveCfg = Debug|Any CPU
		{28987543-40B8-42FC-AF41-9291A2F81F32}.Debug|x86.Build.0 = Debug|Any CPU
		{28987543-40B8-42FC-AF41-9291A2F81F32}.Release|Any CPU.ActiveCfg = Release|Any CPU
		{28987543-40B8-42FC-AF41-9291A2F81F32}.Release|Any CPU.Build.0 = Release|Any CPU
		{28987543-40B8-42FC-AF41-9291A2F81F32}.Release|x64.ActiveCfg = Release|Any CPU
		{28987543-40B8-42FC-AF41-9291A2F81F32}.Release|x64.Build.0 = Release|Any CPU
		{28987543-40B8-42FC-AF41-9291A2F81F32}.Release|x86.ActiveCfg = Release|Any CPU
		{28987543-40B8-42FC-AF41-9291A2F81F32}.Release|x86.Build.0 = Release|Any CPU
		{D6364CD0-F925-4B47-96A3-DE3DAE492304}.Debug|Any CPU.ActiveCfg = Debug|x86
		{D6364CD0-F925-4B47-96A3-DE3DAE492304}.Debug|Any CPU.Build.0 = Debug|x86
		{D6364CD0-F925-4B47-96A3-DE3DAE492304}.Debug|x64.ActiveCfg = Debug|Any CPU
		{D6364CD0-F925-4B47-96A3-DE3DAE492304}.Debug|x64.Build.0 = Debug|Any CPU
		{D6364CD0-F925-4B47-96A3-DE3DAE492304}.Debug|x86.ActiveCfg = Debug|Any CPU
		{D6364CD0-F925-4B47-96A3-DE3DAE492304}.Debug|x86.Build.0 = Debug|Any CPU
		{D6364CD0-F925-4B47-96A3-DE3DAE492304}.Release|Any CPU.ActiveCfg = Release|Any CPU
		{D6364CD0-F925-4B47-96A3-DE3DAE492304}.Release|Any CPU.Build.0 = Release|Any CPU
		{D6364CD0-F925-4B47-96A3-DE3DAE492304}.Release|x64.ActiveCfg = Release|Any CPU
		{D6364CD0-F925-4B47-96A3-DE3DAE492304}.Release|x64.Build.0 = Release|Any CPU
		{D6364CD0-F925-4B47-96A3-DE3DAE492304}.Release|x86.ActiveCfg = Release|Any CPU
		{D6364CD0-F925-4B47-96A3-DE3DAE492304}.Release|x86.Build.0 = Release|Any CPU
		{A701EB00-DF0A-47BF-91C5-47234A409D55}.Debug|Any CPU.ActiveCfg = Debug|x64
		{A701EB00-DF0A-47BF-91C5-47234A409D55}.Debug|Any CPU.Build.0 = Debug|x64
		{A701EB00-DF0A-47BF-91C5-47234A409D55}.Debug|x64.ActiveCfg = Debug|Any CPU
		{A701EB00-DF0A-47BF-91C5-47234A409D55}.Debug|x64.Build.0 = Debug|Any CPU
		{A701EB00-DF0A-47BF-91C5-47234A409D55}.Debug|x86.ActiveCfg = Debug|Any CPU
		{A701EB00-DF0A-47BF-91C5-47234A409D55}.Debug|x86.Build.0 = Debug|Any CPU
		{A701EB00-DF0A-47BF-91C5-47234A409D55}.Release|Any CPU.ActiveCfg = Release|Any CPU
		{A701EB00-DF0A-47BF-91C5-47234A409D55}.Release|Any CPU.Build.0 = Release|Any CPU
		{A701EB00-DF0A-47BF-91C5-47234A409D55}.Release|x64.ActiveCfg = Release|Any CPU
		{A701EB00-DF0A-47BF-91C5-47234A409D55}.Release|x64.Build.0 = Release|Any CPU
		{A701EB00-DF0A-47BF-91C5-47234A409D55}.Release|x86.ActiveCfg = Release|Any CPU
		{A701EB00-DF0A-47BF-91C5-47234A409D55}.Release|x86.Build.0 = Release|Any CPU
		{A5251E87-2DA3-4B34-AC9C-811481A61EFC}.Debug|Any CPU.ActiveCfg = Debug|Any CPU
		{A5251E87-2DA3-4B34-AC9C-811481A61EFC}.Debug|Any CPU.Build.0 = Debug|Any CPU
		{A5251E87-2DA3-4B34-AC9C-811481A61EFC}.Debug|x64.ActiveCfg = Debug|Any CPU
		{A5251E87-2DA3-4B34-AC9C-811481A61EFC}.Debug|x64.Build.0 = Debug|Any CPU
		{A5251E87-2DA3-4B34-AC9C-811481A61EFC}.Debug|x86.ActiveCfg = Debug|Any CPU
		{A5251E87-2DA3-4B34-AC9C-811481A61EFC}.Debug|x86.Build.0 = Debug|Any CPU
		{A5251E87-2DA3-4B34-AC9C-811481A61EFC}.Release|Any CPU.ActiveCfg = Release|Any CPU
		{A5251E87-2DA3-4B34-AC9C-811481A61EFC}.Release|Any CPU.Build.0 = Release|Any CPU
		{A5251E87-2DA3-4B34-AC9C-811481A61EFC}.Release|x64.ActiveCfg = Release|Any CPU
		{A5251E87-2DA3-4B34-AC9C-811481A61EFC}.Release|x64.Build.0 = Release|Any CPU
		{A5251E87-2DA3-4B34-AC9C-811481A61EFC}.Release|x86.ActiveCfg = Release|Any CPU
		{A5251E87-2DA3-4B34-AC9C-811481A61EFC}.Release|x86.Build.0 = Release|Any CPU
	EndGlobalSection
	GlobalSection(SolutionProperties) = preSolution
		HideSolutionNode = FALSE
	EndGlobalSection
	GlobalSection(NestedProjects) = preSolution
		{83380E7D-1E94-4D47-A65D-513FDF654C76} = {C56C316E-2287-42DA-8A48-6C426432B463}
		{41304365-6AB4-40DC-92FA-3F912D156F42} = {066FA2F0-A760-46D6-A580-22DD2280A6E5}
		{066FA2F0-A760-46D6-A580-22DD2280A6E5} = {C8DE3CF9-99FA-4736-A997-EC1B4094140D}
		{C9E315C7-A3BC-4AB6-B632-98663F593906} = {066FA2F0-A760-46D6-A580-22DD2280A6E5}
		{D35E9F49-34BE-40E6-BE7D-0F71F18C1569} = {066FA2F0-A760-46D6-A580-22DD2280A6E5}
		{637EB302-C291-4F69-BA52-90456563B395} = {BF30E32D-FB53-4D5A-B492-F418C8D5CC38}
		{37B52C8A-6231-4A54-8B4E-834F6DA6308B} = {C56C316E-2287-42DA-8A48-6C426432B463}
		{28987543-40B8-42FC-AF41-9291A2F81F32} = {C56C316E-2287-42DA-8A48-6C426432B463}
		{D6364CD0-F925-4B47-96A3-DE3DAE492304} = {7471C14B-4DD4-490A-B6A8-89644E1A08C2}
		{A701EB00-DF0A-47BF-91C5-47234A409D55} = {7471C14B-4DD4-490A-B6A8-89644E1A08C2}
		{A5251E87-2DA3-4B34-AC9C-811481A61EFC} = {BF30E32D-FB53-4D5A-B492-F418C8D5CC38}
	EndGlobalSection
	GlobalSection(ExtensibilityGlobals) = postSolution
		SolutionGuid = {227910DB-AFF9-408A-B97C-34B09264E894}
	EndGlobalSection
EndGlobal
